
Microsoft Visual Studio Solution File, Format Version 12.00
# Visual Studio Version 17
VisualStudioVersion = 17.12.35209.166
MinimumVisualStudioVersion = 10.0.40219.1
Project("{FAE04EC0-301F-11D3-BF4B-00C04F79EFBC}") = "WeatherApi", "WeatherApi\WeatherApi.csproj", "{F4B452D0-0E05-4542-974F-FBB507F8DD15}"
EndProject
Project("{FAE04EC0-301F-11D3-BF4B-00C04F79EFBC}") = "WeatherMvcFront", "WeatherMvcFront\WeatherMvcFront.csproj", "{698516A3-37C0-4B58-85C7-4FE524111FD9}"
EndProject
Project("{FAE04EC0-301F-11D3-BF4B-00C04F79EFBC}") = "bmsgateway", "bmsgateway\bmsgateway.csproj", "{83C92BE8-772B-4ECC-8A6A-83A736C6496F}"
EndProject
Global
	GlobalSection(SolutionConfigurationPlatforms) = preSolution
		Debug|Any CPU = Debug|Any CPU
		Release|Any CPU = Release|Any CPU
	EndGlobalSection
	GlobalSection(ProjectConfigurationPlatforms) = postSolution
		{F4B452D0-0E05-4542-974F-FBB507F8DD15}.Debug|Any CPU.ActiveCfg = Debug|Any CPU
		{F4B452D0-0E05-4542-974F-FBB507F8DD15}.Debug|Any CPU.Build.0 = Debug|Any CPU
		{F4B452D0-0E05-4542-974F-FBB507F8DD15}.Release|Any CPU.ActiveCfg = Release|Any CPU
		{F4B452D0-0E05-4542-974F-FBB507F8DD15}.Release|Any CPU.Build.0 = Release|Any CPU
		{698516A3-37C0-4B58-85C7-4FE524111FD9}.Debug|Any CPU.ActiveCfg = Debug|Any CPU
		{698516A3-37C0-4B58-85C7-4FE524111FD9}.Debug|Any CPU.Build.0 = Debug|Any CPU
		{698516A3-37C0-4B58-85C7-4FE524111FD9}.Release|Any CPU.ActiveCfg = Release|Any CPU
		{698516A3-37C0-4B58-85C7-4FE524111FD9}.Release|Any CPU.Build.0 = Release|Any CPU
		{83C92BE8-772B-4ECC-8A6A-83A736C6496F}.Debug|Any CPU.ActiveCfg = Debug|Any CPU
		{83C92BE8-772B-4ECC-8A6A-83A736C6496F}.Debug|Any CPU.Build.0 = Debug|Any CPU
		{83C92BE8-772B-4ECC-8A6A-83A736C6496F}.Release|Any CPU.ActiveCfg = Release|Any CPU
		{83C92BE8-772B-4ECC-8A6A-83A736C6496F}.Release|Any CPU.Build.0 = Release|Any CPU
	EndGlobalSection
	GlobalSection(SolutionProperties) = preSolution
		HideSolutionNode = FALSE
	EndGlobalSection
	GlobalSection(ExtensibilityGlobals) = postSolution
		SolutionGuid = {8659E2A1-719B-480B-A24E-74158A05095E}
	EndGlobalSection
EndGlobal
